
Microsoft Visual Studio Solution File, Format Version 12.00
# Visual Studio Version 17
VisualStudioVersion = 17.8.34525.116
MinimumVisualStudioVersion = 10.0.40219.1
Project("{FAE04EC0-301F-11D3-BF4B-00C04F79EFBC}") = "Homework 2.7.7-13", "Homework 2.7.7-13\Homework 2.7.7-13.csproj", "{1DB356D1-E18E-459E-8774-2B7AA10B8059}"
EndProject
Global
	GlobalSection(SolutionConfigurationPlatforms) = preSolution
		Debug|Any CPU = Debug|Any CPU
		Release|Any CPU = Release|Any CPU
	EndGlobalSection
	GlobalSection(ProjectConfigurationPlatforms) = postSolution
		{1DB356D1-E18E-459E-8774-2B7AA10B8059}.Debug|Any CPU.ActiveCfg = Debug|Any CPU
		{1DB356D1-E18E-459E-8774-2B7AA10B8059}.Debug|Any CPU.Build.0 = Debug|Any CPU
		{1DB356D1-E18E-459E-8774-2B7AA10B8059}.Release|Any CPU.ActiveCfg = Release|Any CPU
		{1DB356D1-E18E-459E-8774-2B7AA10B8059}.Release|Any CPU.Build.0 = Release|Any CPU
	EndGlobalSection
	GlobalSection(SolutionProperties) = preSolution
		HideSolutionNode = FALSE
	EndGlobalSection
	GlobalSection(ExtensibilityGlobals) = postSolution
		SolutionGuid = {DE1FFB70-BC56-457B-A813-A53B51524980}
	EndGlobalSection
EndGlobal
